
Microsoft Visual Studio Solution File, Format Version 12.00
# Visual Studio Version 17
VisualStudioVersion = 17.0.31903.59
MinimumVisualStudioVersion = 10.0.40219.1
Project("{FAE04EC0-301F-11D3-BF4B-00C04F79EFBC}") = "Blazor", "src\Blazor\Blazor.csproj", "{B454BE8D-25CC-451F-BAAA-7E0ABD27350B}"
EndProject
Project("{2150E333-8FDC-42A3-9474-1A3956D46DE8}") = "src", "src", "{D3C9FDF1-0B8E-440B-80D9-C30595F4B7A0}"
EndProject
Project("{FAE04EC0-301F-11D3-BF4B-00C04F79EFBC}") = "Domain", "src\Domain\Domain.csproj", "{AD622345-1D74-4912-9AFA-346F94C2703F}"
EndProject
Project("{FAE04EC0-301F-11D3-BF4B-00C04F79EFBC}") = "Adapter", "src\Adapter\Adapter.csproj", "{E553457C-0B3D-42AF-9322-EF51DA086585}"
EndProject
Project("{FAE04EC0-301F-11D3-BF4B-00C04F79EFBC}") = "Application", "src\Application\Application.csproj", "{91E58626-1F55-44B7-8914-814DBB96D43D}"
EndProject
Global
	GlobalSection(SolutionConfigurationPlatforms) = preSolution
		Debug|Any CPU = Debug|Any CPU
		Release|Any CPU = Release|Any CPU
	EndGlobalSection
	GlobalSection(SolutionProperties) = preSolution
		HideSolutionNode = FALSE
	EndGlobalSection
	GlobalSection(ProjectConfigurationPlatforms) = postSolution
		{B454BE8D-25CC-451F-BAAA-7E0ABD27350B}.Debug|Any CPU.ActiveCfg = Debug|Any CPU
		{B454BE8D-25CC-451F-BAAA-7E0ABD27350B}.Debug|Any CPU.Build.0 = Debug|Any CPU
		{B454BE8D-25CC-451F-BAAA-7E0ABD27350B}.Release|Any CPU.ActiveCfg = Release|Any CPU
		{B454BE8D-25CC-451F-BAAA-7E0ABD27350B}.Release|Any CPU.Build.0 = Release|Any CPU
		{AD622345-1D74-4912-9AFA-346F94C2703F}.Debug|Any CPU.ActiveCfg = Debug|Any CPU
		{AD622345-1D74-4912-9AFA-346F94C2703F}.Debug|Any CPU.Build.0 = Debug|Any CPU
		{AD622345-1D74-4912-9AFA-346F94C2703F}.Release|Any CPU.ActiveCfg = Release|Any CPU
		{AD622345-1D74-4912-9AFA-346F94C2703F}.Release|Any CPU.Build.0 = Release|Any CPU
		{E553457C-0B3D-42AF-9322-EF51DA086585}.Debug|Any CPU.ActiveCfg = Debug|Any CPU
		{E553457C-0B3D-42AF-9322-EF51DA086585}.Debug|Any CPU.Build.0 = Debug|Any CPU
		{E553457C-0B3D-42AF-9322-EF51DA086585}.Release|Any CPU.ActiveCfg = Release|Any CPU
		{E553457C-0B3D-42AF-9322-EF51DA086585}.Release|Any CPU.Build.0 = Release|Any CPU
		{91E58626-1F55-44B7-8914-814DBB96D43D}.Debug|Any CPU.ActiveCfg = Debug|Any CPU
		{91E58626-1F55-44B7-8914-814DBB96D43D}.Debug|Any CPU.Build.0 = Debug|Any CPU
		{91E58626-1F55-44B7-8914-814DBB96D43D}.Release|Any CPU.ActiveCfg = Release|Any CPU
		{91E58626-1F55-44B7-8914-814DBB96D43D}.Release|Any CPU.Build.0 = Release|Any CPU
	EndGlobalSection
	GlobalSection(NestedProjects) = preSolution
		{B454BE8D-25CC-451F-BAAA-7E0ABD27350B} = {D3C9FDF1-0B8E-440B-80D9-C30595F4B7A0}
		{AD622345-1D74-4912-9AFA-346F94C2703F} = {D3C9FDF1-0B8E-440B-80D9-C30595F4B7A0}
		{E553457C-0B3D-42AF-9322-EF51DA086585} = {D3C9FDF1-0B8E-440B-80D9-C30595F4B7A0}
		{91E58626-1F55-44B7-8914-814DBB96D43D} = {D3C9FDF1-0B8E-440B-80D9-C30595F4B7A0}
	EndGlobalSection
EndGlobal
